
Microsoft Visual Studio Solution File, Format Version 12.00
# Visual Studio Version 17
VisualStudioVersion = 17.4.33213.308
MinimumVisualStudioVersion = 10.0.40219.1
Project("{FAE04EC0-301F-11D3-BF4B-00C04F79EFBC}") = "ApartmentMaintenanceCalculator", "ApartmentMaintenanceCalculator\ApartmentMaintenanceCalculator.csproj", "{172B2E3B-E94A-460A-8466-FCC044EC6DA8}"
EndProject
Global
	GlobalSection(SolutionConfigurationPlatforms) = preSolution
		Debug|Any CPU = Debug|Any CPU
		Release|Any CPU = Release|Any CPU
	EndGlobalSection
	GlobalSection(ProjectConfigurationPlatforms) = postSolution
		{172B2E3B-E94A-460A-8466-FCC044EC6DA8}.Debug|Any CPU.ActiveCfg = Debug|Any CPU
		{172B2E3B-E94A-460A-8466-FCC044EC6DA8}.Debug|Any CPU.Build.0 = Debug|Any CPU
		{172B2E3B-E94A-460A-8466-FCC044EC6DA8}.Release|Any CPU.ActiveCfg = Release|Any CPU
		{172B2E3B-E94A-460A-8466-FCC044EC6DA8}.Release|Any CPU.Build.0 = Release|Any CPU
	EndGlobalSection
	GlobalSection(SolutionProperties) = preSolution
		HideSolutionNode = FALSE
	EndGlobalSection
	GlobalSection(ExtensibilityGlobals) = postSolution
		SolutionGuid = {6E459E0A-2455-461B-97BC-3786C3C5D2B7}
	EndGlobalSection
EndGlobal
