
Microsoft Visual Studio Solution File, Format Version 12.00
# Visual Studio Version 17
VisualStudioVersion = 17.4.33213.308
MinimumVisualStudioVersion = 10.0.40219.1
Project("{FAE04EC0-301F-11D3-BF4B-00C04F79EFBC}") = "InventoryManagementSystem", "InventoryManagementSystem\InventoryManagementSystem.csproj", "{FA4D42E5-7889-4798-8150-8AA0EF871F78}"
EndProject
Global
	GlobalSection(SolutionConfigurationPlatforms) = preSolution
		Debug|Any CPU = Debug|Any CPU
		Release|Any CPU = Release|Any CPU
	EndGlobalSection
	GlobalSection(ProjectConfigurationPlatforms) = postSolution
		{FA4D42E5-7889-4798-8150-8AA0EF871F78}.Debug|Any CPU.ActiveCfg = Debug|Any CPU
		{FA4D42E5-7889-4798-8150-8AA0EF871F78}.Debug|Any CPU.Build.0 = Debug|Any CPU
		{FA4D42E5-7889-4798-8150-8AA0EF871F78}.Release|Any CPU.ActiveCfg = Release|Any CPU
		{FA4D42E5-7889-4798-8150-8AA0EF871F78}.Release|Any CPU.Build.0 = Release|Any CPU
	EndGlobalSection
	GlobalSection(SolutionProperties) = preSolution
		HideSolutionNode = FALSE
	EndGlobalSection
	GlobalSection(ExtensibilityGlobals) = postSolution
		SolutionGuid = {A0156C29-A6FB-4246-8EBB-F8D8C371C2E5}
	EndGlobalSection
EndGlobal
