
Microsoft Visual Studio Solution File, Format Version 12.00
# Visual Studio Version 17
VisualStudioVersion = 17.4.33213.308
MinimumVisualStudioVersion = 10.0.40219.1
Project("{FAE04EC0-301F-11D3-BF4B-00C04F79EFBC}") = "LMS_DB", "LMS_DB\LMS_DB.csproj", "{596581C4-9602-4069-B45C-1BD9C4D1F028}"
EndProject
Global
	GlobalSection(SolutionConfigurationPlatforms) = preSolution
		Debug|Any CPU = Debug|Any CPU
		Release|Any CPU = Release|Any CPU
	EndGlobalSection
	GlobalSection(ProjectConfigurationPlatforms) = postSolution
		{596581C4-9602-4069-B45C-1BD9C4D1F028}.Debug|Any CPU.ActiveCfg = Debug|Any CPU
		{596581C4-9602-4069-B45C-1BD9C4D1F028}.Debug|Any CPU.Build.0 = Debug|Any CPU
		{596581C4-9602-4069-B45C-1BD9C4D1F028}.Release|Any CPU.ActiveCfg = Release|Any CPU
		{596581C4-9602-4069-B45C-1BD9C4D1F028}.Release|Any CPU.Build.0 = Release|Any CPU
	EndGlobalSection
	GlobalSection(SolutionProperties) = preSolution
		HideSolutionNode = FALSE
	EndGlobalSection
	GlobalSection(ExtensibilityGlobals) = postSolution
		SolutionGuid = {2048E196-C2B5-4320-82FA-A58890B7F2A4}
	EndGlobalSection
EndGlobal
