
Microsoft Visual Studio Solution File, Format Version 12.00
# Visual Studio Version 17
VisualStudioVersion = 17.4.33213.308
MinimumVisualStudioVersion = 10.0.40219.1
Project("{FAE04EC0-301F-11D3-BF4B-00C04F79EFBC}") = "OnlineComplaintRegister", "OnlineComplaintRegister\OnlineComplaintRegister.csproj", "{CF4EB003-A59D-4BA8-80CC-635430EBBD80}"
EndProject
Global
	GlobalSection(SolutionConfigurationPlatforms) = preSolution
		Debug|Any CPU = Debug|Any CPU
		Release|Any CPU = Release|Any CPU
	EndGlobalSection
	GlobalSection(ProjectConfigurationPlatforms) = postSolution
		{CF4EB003-A59D-4BA8-80CC-635430EBBD80}.Debug|Any CPU.ActiveCfg = Debug|Any CPU
		{CF4EB003-A59D-4BA8-80CC-635430EBBD80}.Debug|Any CPU.Build.0 = Debug|Any CPU
		{CF4EB003-A59D-4BA8-80CC-635430EBBD80}.Release|Any CPU.ActiveCfg = Release|Any CPU
		{CF4EB003-A59D-4BA8-80CC-635430EBBD80}.Release|Any CPU.Build.0 = Release|Any CPU
	EndGlobalSection
	GlobalSection(SolutionProperties) = preSolution
		HideSolutionNode = FALSE
	EndGlobalSection
	GlobalSection(ExtensibilityGlobals) = postSolution
		SolutionGuid = {3F4111FA-2A61-42B2-A7AA-5F2E3BA46A39}
	EndGlobalSection
EndGlobal
