
Microsoft Visual Studio Solution File, Format Version 12.00
# Visual Studio Version 17
VisualStudioVersion = 17.4.33213.308
MinimumVisualStudioVersion = 10.0.40219.1
Project("{FAE04EC0-301F-11D3-BF4B-00C04F79EFBC}") = "LeapYearCalculatorLib", "LeapYear.Test\LeapYearCalculatorLib.csproj", "{597F6B09-5325-4F0D-8A8D-A8905C51A1F1}"
EndProject
Project("{FAE04EC0-301F-11D3-BF4B-00C04F79EFBC}") = "LeapYearCalculatorLib.Test", "LeapYearCalculatorLib.Test\LeapYearCalculatorLib.Test.csproj", "{90290F87-EF34-4082-B8E0-596376A95236}"
EndProject
Global
	GlobalSection(SolutionConfigurationPlatforms) = preSolution
		Debug|Any CPU = Debug|Any CPU
		Release|Any CPU = Release|Any CPU
	EndGlobalSection
	GlobalSection(ProjectConfigurationPlatforms) = postSolution
		{597F6B09-5325-4F0D-8A8D-A8905C51A1F1}.Debug|Any CPU.ActiveCfg = Debug|Any CPU
		{597F6B09-5325-4F0D-8A8D-A8905C51A1F1}.Debug|Any CPU.Build.0 = Debug|Any CPU
		{597F6B09-5325-4F0D-8A8D-A8905C51A1F1}.Release|Any CPU.ActiveCfg = Release|Any CPU
		{597F6B09-5325-4F0D-8A8D-A8905C51A1F1}.Release|Any CPU.Build.0 = Release|Any CPU
		{90290F87-EF34-4082-B8E0-596376A95236}.Debug|Any CPU.ActiveCfg = Debug|Any CPU
		{90290F87-EF34-4082-B8E0-596376A95236}.Debug|Any CPU.Build.0 = Debug|Any CPU
		{90290F87-EF34-4082-B8E0-596376A95236}.Release|Any CPU.ActiveCfg = Release|Any CPU
		{90290F87-EF34-4082-B8E0-596376A95236}.Release|Any CPU.Build.0 = Release|Any CPU
	EndGlobalSection
	GlobalSection(SolutionProperties) = preSolution
		HideSolutionNode = FALSE
	EndGlobalSection
	GlobalSection(ExtensibilityGlobals) = postSolution
		SolutionGuid = {5AD832EF-47F1-4646-9525-A83940483FB2}
	EndGlobalSection
EndGlobal
